version = 1
revision = 3
requires-python = ">=3.11, <3.13"

[[package]]
name = "eclipse-sumo"
version = "1.27.0"
source = { registry = "https://pypi.org/simple" }
dependencies = [
    { name = "sumo-data" },
]
wheels = [
    { url = "https://files.pythonhosted.org/packages/ce/df/82b3fe0b2549ea9bf6c279d7d2d2c6d97d1a84278cd1f807d7156813a846/eclipse_sumo-1.27.0-py3-none-macosx_14_0_arm64.whl", hash = "sha256:ecfe4662c2ae50fe06ba5e7ce72e176b590dbd639abb5d605ba851bd97cbf80c", size = 53685596, upload-time = "2026-05-21T15:55:15.362Z" },
    { url = "https://files.pythonhosted.org/packages/ae/7e/45efe87959da1c7e0b6635cd8ca5dbdcf11ca023ee8f3d092740db4ffe98/eclipse_sumo-1.27.0-py3-none-manylinux2014_aarch64.manylinux_2_17_aarch64.whl", hash = "sha256:f533cb2eb6db5e02ddd5b56279708cd03972f3cf8fc88b026ed1e6d4600d6e79", size = 77373662, upload-time = "2026-05-21T15:55:34.094Z" },
    { url = "https://files.pythonhosted.org/packages/3e/18/5871af6c7edccd68c2105b70a58cffa622a4a565018f596c34b701526eb8/eclipse_sumo-1.27.0-py3-none-manylinux2014_x86_64.manylinux_2_17_x86_64.whl", hash = "sha256:79a9bf9340ba824f9b498b137db17a71e472d284386bb25f39a1d889c070a84b", size = 87344863, upload-time = "2026-05-21T15:55:55.129Z" },
    { url = "https://files.pythonhosted.org/packages/78/9c/290f7e6c0ea8a3d6f81e027fc34ec6845c6884c0a8e689d081c36c5be0ff/eclipse_sumo-1.27.0-py3-none-manylinux_2_28_aarch64.whl", hash = "sha256:4192e3809719fb091b8b1022e61b6fc523ede43cc9173f146f23134090d5f91e", size = 124849586, upload-time = "2026-05-21T15:56:24.105Z" },
    { url = "https://files.pythonhosted.org/packages/60/f8/eff24d8122ad35ce48937e7d677e4961253e6a1bded6d0db190f04dc2ad4/eclipse_sumo-1.27.0-py3-none-manylinux_2_28_x86_64.whl", hash = "sha256:c5817ed463b0d716e935a069653f82ce4147cb31476188a6628660cd68d11802", size = 145048675, upload-time = "2026-05-21T15:56:57.7Z" },
    { url = "https://files.pythonhosted.org/packages/4e/7a/0300275c6d02dc7958f85b855b66776e61d572ce32b3a7762e700e34bc6e/eclipse_sumo-1.27.0-py3-none-win_amd64.whl", hash = "sha256:d875ffce33b7cee7f1a4567c9286fc0829e73f27bc3437255eef35c7f12fc3ae", size = 161493701, upload-time = "2026-05-21T15:57:34.865Z" },
]

[[package]]
name = "libsumo"
version = "1.27.0"
source = { registry = "https://pypi.org/simple" }
dependencies = [
    { name = "sumo-data" },
    { name = "traci" },
]
wheels = [
    { url = "https://files.pythonhosted.org/packages/03/00/a4cad178124553258ca7a893e04b8e989c03b1a1bf290350b9f296b176b6/libsumo-1.27.0-cp311-cp311-macosx_14_0_arm64.whl", hash = "sha256:5881f27a4f96887963c461d9df9e10a60cce2daad4e8fed26657cdf33d140b1c", size = 5931018, upload-time = "2026-05-21T15:58:42.602Z" },
    { url = "https://files.pythonhosted.org/packages/0a/c0/0f8b1a4b7ac70677bf9727f556877d8165c7de9e607f314f22b6d311518f/libsumo-1.27.0-cp311-cp311-manylinux2014_aarch64.manylinux_2_17_aarch64.whl", hash = "sha256:cef14a4be1dd599c68eaff277ef3c4a687516aa9d9efd328e043fc40e78cca38", size = 26878025, upload-time = "2026-05-21T15:58:49.657Z" },
    { url = "https://files.pythonhosted.org/packages/cb/b8/b707bf9cff07e1c2f12d81028bf8a4af3ba02dc262ae7dcdb8ad7d11e0b1/libsumo-1.27.0-cp311-cp311-manylinux2014_x86_64.manylinux_2_17_x86_64.whl", hash = "sha256:c0f4bed4fb554ac1101c316d0a14a9a6de890a987319138255f458de17cd3582", size = 35930212, upload-time = "2026-05-21T15:59:00.315Z" },
    { url = "https://files.pythonhosted.org/packages/ad/4d/77a799933215b42c6bdc690cafe3e4ce44db69484ebfa9913533a68a29b8/libsumo-1.27.0-cp311-cp311-manylinux_2_28_aarch64.whl", hash = "sha256:d14d8ca68b1b9a590db42851dcfc7ba5532f237ce6c78545d2763dd23f0902dd", size = 67670418, upload-time = "2026-05-21T15:59:16.432Z" },
    { url = "https://files.pythonhosted.org/packages/21/f5/81245626653ff8ed02a4ed7025a864b539ca6723d417141b09edd5ba7cfd/libsumo-1.27.0-cp311-cp311-manylinux_2_28_x86_64.whl", hash = "sha256:f62967d175d7f54a03adf186d85db7d585e606db51095019375f216dc37f8b85", size = 84988025, upload-time = "2026-05-21T15:59:36.848Z" },
    { url = "https://files.pythonhosted.org/packages/4b/6b/a1fc41c3ef51e9f6b6747f1a2cc8271e2a92543ef263b2d283b45366cf93/libsumo-1.27.0-cp311-cp311-win_amd64.whl", hash = "sha256:89f495572c34c72e994bb4b0339544a207a1533beb15e5005bb5faebda481b01", size = 4685280, upload-time = "2026-05-21T15:59:41.607Z" },
    { url = "https://files.pythonhosted.org/packages/55/9e/63a5830a3bcbeadce39d4f286b5cdd13f1306b694281ec47971a66b9c9f6/libsumo-1.27.0-cp312-cp312-macosx_14_0_arm64.whl", hash = "sha256:42b6efd7355a9af331ce4d888b5339ebc4d5da2ea36a07f959dc6fd6c2189b8c", size = 5953777, upload-time = "2026-05-21T15:59:44.825Z" },
    { url = "https://files.pythonhosted.org/packages/5f/c6/14e9b2f9defe640f60bb2dcd4588b429b0469b57c7c4f28e71968f4b1e03/libsumo-1.27.0-cp312-cp312-manylinux2014_aarch64.manylinux_2_17_aarch64.whl", hash = "sha256:aded46c1003e6f659b75f1670d3dc451223f44f0bbc1b6cc9b0dc101e0eb0d97", size = 26881493, upload-time = "2026-05-21T15:59:52.526Z" },
    { url = "https://files.pythonhosted.org/packages/12/03/43c37c12a523f6368c658c4cc19f89306e071b3c6e9b3d5dc3daeffa2a89/libsumo-1.27.0-cp312-cp312-manylinux2014_x86_64.manylinux_2_17_x86_64.whl", hash = "sha256:2e91fd51fe9a952782a8673009a6a5cc87dca05fa5aed35c632b56b029000531", size = 35933151, upload-time = "2026-05-21T16:00:02.493Z" },
    { url = "https://files.pythonhosted.org/packages/fc/03/20f716c663ada0246e6c033d331bdff9808c0f572af9e1796ac095bd9fbe/libsumo-1.27.0-cp312-cp312-manylinux_2_28_aarch64.whl", hash = "sha256:36a0aa084614a1bba3f89a8a5a980129a212058ad03e3f0e1249fc4faad449f2", size = 67668359, upload-time = "2026-05-21T16:00:19.317Z" },
    { url = "https://files.pythonhosted.org/packages/23/5d/94ad0fbd2e203bb6b45a5b9eee4c33d9000848928907eabaf8c6ec988237/libsumo-1.27.0-cp312-cp312-manylinux_2_28_x86_64.whl", hash = "sha256:b0569bcc824c0283dd0cb67e0bb3fc3344a02522338b29044c966352df7acf59", size = 84987867, upload-time = "2026-05-21T16:00:44.938Z" },
    { url = "https://files.pythonhosted.org/packages/a0/8c/dfee944c832925bd5ead0a5b0d82c53372ac81d0f6ffc766917975d4658a/libsumo-1.27.0-cp312-cp312-win_amd64.whl", hash = "sha256:b17d6b8cbbe81a1389655a6ef9125f81e0151b8b0ad72f6909a507afd59dd4da", size = 4687890, upload-time = "2026-05-21T16:00:49.881Z" },
]

[[package]]
name = "ruff"
version = "0.15.15"
source = { registry = "https://pypi.org/simple" }
sdist = { url = "https://files.pythonhosted.org/packages/84/6f/a76f7d96e5c962f5b69cee865e49c15c1116897c01990faa8a57edb62e7f/ruff-0.15.15.tar.gz", hash = "sha256:b8dff018130b46d8e5bf0f926ef6b60cf871d6d5ae45fc9334e09632daa741d6", size = 4706985, upload-time = "2026-05-28T14:16:57.784Z" }
wheels = [
    { url = "https://files.pythonhosted.org/packages/fa/9d/3a45c05b8ab04b4705989de70a79008e27c8003296a0feaee9edc18dd7e9/ruff-0.15.15-py3-none-linux_armv6l.whl", hash = "sha256:cf93e5388f412e1b108b1f8b34a6e036b70fe8aff89393befad96fe48670311b", size = 10710652, upload-time = "2026-05-28T14:16:06.701Z" },
    { url = "https://files.pythonhosted.org/packages/05/66/da974431624bf3b49f6ee1f9543c02d929ff1cba78b0d5a79c38cf21f744/ruff-0.15.15-py3-none-macosx_10_12_x86_64.whl", hash = "sha256:ac5a646d1f6a7dadd5d50842dae2c1f9862ac887ef5d1b1375e02def791fde6e", size = 11096615, upload-time = "2026-05-28T14:16:23.313Z" },
    { url = "https://files.pythonhosted.org/packages/8c/09/7443452e5d290230a712103f2fdceeef7184f3ec99a2bd01c8be78aaceb5/ruff-0.15.15-py3-none-macosx_11_0_arm64.whl", hash = "sha256:77d955a431430c66f72dd94e379ad38a16daea3d25094872ac4edf9e797be530", size = 10436683, upload-time = "2026-05-28T14:16:40.974Z" },
    { url = "https://files.pythonhosted.org/packages/53/01/d330c26a57fa4f3943a14424904027428315b700fe4d14a84bb123a649e5/ruff-0.15.15-py3-none-manylinux_2_17_aarch64.manylinux2014_aarch64.whl", hash = "sha256:7614ee79c69788cf6cedd568069ade9cecc22a1ad20494efe8d0c9ebb4b622d4", size = 10769064, upload-time = "2026-05-28T14:16:28.905Z" },
    { url = "https://files.pythonhosted.org/packages/1d/85/cc8770f8bdff541b1da8392d1634141fe4a0e3f4ee596605959b7906c27f/ruff-0.15.15-py3-none-manylinux_2_17_armv7l.manylinux2014_armv7l.whl", hash = "sha256:3cdb1679e06a1f6b47bc384714ae96f6e2fb65ca441eb78c43d2ca554176ce1f", size = 10511987, upload-time = "2026-05-28T14:16:43.732Z" },
    { url = "https://files.pythonhosted.org/packages/7c/29/8c190c1472b63013583ba391f3342036e02010544c1270455ed8e519bdf3/ruff-0.15.15-py3-none-manylinux_2_17_i686.manylinux2014_i686.whl", hash = "sha256:2728b93d7b23a603ea2c0ac6eb73d760bd38ec9de35f35fb41e18f7a3fee7622", size = 11275100, upload-time = "2026-05-28T14:16:55.244Z" },
    { url = "https://files.pythonhosted.org/packages/9f/6b/7e145ce2cc8e63d6834eca03d83a0e18d121def5c69f91b4cf4011ed4879/ruff-0.15.15-py3-none-manylinux_2_17_ppc64le.manylinux2014_ppc64le.whl", hash = "sha256:be582fcc0db438902c7792b08d6ddf6c9b9e21addaa10092c2c741cfb09e5a45", size = 12176903, upload-time = "2026-05-28T14:16:14.368Z" },
    { url = "https://files.pythonhosted.org/packages/80/a3/d5974637f68e451f7fadf015cf3101d1cd7d8ba5027cffe0b9e3826ebe6b/ruff-0.15.15-py3-none-manylinux_2_17_s390x.manylinux2014_s390x.whl", hash = "sha256:7aa77465b8ecaf1a27bea098d696f7fed5e1eccbd10b321b682d6de586ae5627", size = 11404550, upload-time = "2026-05-28T14:16:20.138Z" },
    { url = "https://files.pythonhosted.org/packages/fe/1c/e6e5e568f22be4fb05d6244234aba384c06b451252453b821e1a529263cf/ruff-0.15.15-py3-none-manylinux_2_17_x86_64.manylinux2014_x86_64.whl", hash = "sha256:48decfa11d740de4889de623be1463308346312f2409a56e24aa280c86162dc4", size = 11382027, upload-time = "2026-05-28T14:16:46.615Z" },
    { url = "https://files.pythonhosted.org/packages/1d/01/170921b49fcd2e8858825593f91cf7146c3e40a5c3e6df763e4bb0484dde/ruff-0.15.15-py3-none-manylinux_2_31_riscv64.whl", hash = "sha256:a5015088452ca0081387063649ec67f06d3d1d6b8b936a1f836b5e9657ecd48c", size = 11366041, upload-time = "2026-05-28T14:16:26.247Z" },
    { url = "https://files.pythonhosted.org/packages/87/54/a7bad711d7de93254e15e06a4c375b89a03d18de45d3e5dcc86a4472fb1a/ruff-0.15.15-py3-none-musllinux_1_2_aarch64.whl", hash = "sha256:f5294aab6356c81600fcdea3a62bb1b924dfd5e91767c12318d3f68f86af57cd", size = 10741795, upload-time = "2026-05-28T14:16:17.11Z" },
    { url = "https://files.pythonhosted.org/packages/c9/31/38c075963668f8b41c6914ee0f6f318727fbe30ab9145cb29e6df464c5fa/ruff-0.15.15-py3-none-musllinux_1_2_armv7l.whl", hash = "sha256:db5bd4d802415cca656dc1616070b725952d6ae95eb5d4831e49fbd94a38f75f", size = 10511117, upload-time = "2026-05-28T14:16:31.767Z" },
    { url = "https://files.pythonhosted.org/packages/9d/96/6ff689e1f7e375d1d97075eca022f74c2bab59554a432fe4d2e6f091986a/ruff-0.15.15-py3-none-musllinux_1_2_i686.whl", hash = "sha256:587a6278ed42059191c1a466e490bd7930fb50bd2e255398bc29616c895a61cb", size = 10994867, upload-time = "2026-05-28T14:16:35.149Z" },
    { url = "https://files.pythonhosted.org/packages/c3/c2/5dce0ab9f92a8d534fa62b9bf9caca3eddb8c1a81b616f5e195ada4f0d6e/ruff-0.15.15-py3-none-musllinux_1_2_x86_64.whl", hash = "sha256:df0c1c084f5f4be9812f61518a45c440d3c30d69ce4bf6c5270e66d38338f02a", size = 11482101, upload-time = "2026-05-28T14:16:49.598Z" },
    { url = "https://files.pythonhosted.org/packages/b1/c0/1003b60edd697c649faf61f1a34094b1abb38fb3d1181e3f895781250a08/ruff-0.15.15-py3-none-win32.whl", hash = "sha256:29428ea79694afbe756d45fd59b36f22b6b020dc0443cf7de0173046236964b9", size = 10716774, upload-time = "2026-05-28T14:16:52.337Z" },
    { url = "https://files.pythonhosted.org/packages/02/a8/1269eddd6945a06c23f055ef7848886e37cf9d6a8bebb386a3115f01470c/ruff-0.15.15-py3-none-win_amd64.whl", hash = "sha256:8df0323902e15e24bc4bf246da830573d3cf3352bd0b9a164eab335d111ff4a4", size = 11868463, upload-time = "2026-05-28T14:16:11.333Z" },
    { url = "https://files.pythonhosted.org/packages/4e/b2/920464c907b191e37469d477a1aa8bc048b8f36c4c1610dfa4ab87b39e18/ruff-0.15.15-py3-none-win_arm64.whl", hash = "sha256:3c8ceca6792f38196b8f589bc92eccd03eef286602da92e5dc05cc42ef6441b7", size = 11138498, upload-time = "2026-05-28T14:16:38.425Z" },
]

[[package]]
name = "sumo-data"
version = "1.27.0"
source = { registry = "https://pypi.org/simple" }
wheels = [
    { url = "https://files.pythonhosted.org/packages/a3/c1/35475032d610c3bd3ca963f54addaf94e8af95c42ee6477e184d7aab2c82/sumo_data-1.27.0-py3-none-any.whl", hash = "sha256:cecebb47e7fb13634b4d057073b91332aa200a14b52cf378caa46c97a6ff6acd", size = 16028995, upload-time = "2026-05-21T16:06:06.132Z" },
    { url = "https://files.pythonhosted.org/packages/54/87/edeac05144f95443d1cc4e53a2156752a72a95ead86133e0a7ac17bb25f3/sumo_data-1.27.0-py3-none-macosx_14_0_arm64.whl", hash = "sha256:ba6d0b13a30d8a45e5b540f99bbe637bd7c71e3833f6a5195867ac495ab6a922", size = 115019527, upload-time = "2026-05-21T16:06:32.089Z" },
    { url = "https://files.pythonhosted.org/packages/51/7b/0d6702c5d1d48d59ae120383410bd305c71732acf6770f1e255e05d84f1b/sumo_data-1.27.0-py3-none-win_amd64.whl", hash = "sha256:cd1960c553f2b042ac86878a842ff5251508b4656a8980525f0cd4401d9ba31f", size = 124759248, upload-time = "2026-05-21T16:07:01.077Z" },
]

[[package]]
name = "sumolib"
version = "1.27.0"
source = { registry = "https://pypi.org/simple" }
sdist = { url = "https://files.pythonhosted.org/packages/00/a0/4e192bfef21161620ef4fe829ba1cc7a9f1ec636c1ab752ec524ac6bb510/sumolib-1.27.0.tar.gz", hash = "sha256:466d7cec607a7b99250b4a8601256ea441810ecb9a98bfa552c1de125a025d78", size = 142077, upload-time = "2026-05-21T16:07:08.361Z" }
wheels = [
    { url = "https://files.pythonhosted.org/packages/41/8e/e2ab4d59866fd157487e26c4fe09c79c6935639ca0abdb021da14904efc5/sumolib-1.27.0-py2.py3-none-any.whl", hash = "sha256:4b11a38198fc30bbc619e92c9976b2d43e5e41b5a7c1629093ddf14c812e8e6f", size = 236127, upload-time = "2026-05-21T16:07:04.982Z" },
]

[[package]]
name = "traci"
version = "1.27.0"
source = { registry = "https://pypi.org/simple" }
dependencies = [
    { name = "sumolib" },
]
sdist = { url = "https://files.pythonhosted.org/packages/25/73/7d885748f8576603fea59b777cfec33d4842d46e439c824234589ee710e0/traci-1.27.0.tar.gz", hash = "sha256:a3bb1d0609a2c7570f3411c0ae7ad6575bd69c46623e5283098f4f0f987c52d2", size = 103397, upload-time = "2026-05-21T16:07:09.727Z" }
wheels = [
    { url = "https://files.pythonhosted.org/packages/64/7a/aa9be61ded448c74b131e5ad269a50b76b2f8f080f41bd2205f5a11016a8/traci-1.27.0-py2.py3-none-any.whl", hash = "sha256:d4633f5ad7500c82ba0eecb5348ec2cfc8ddd91a6bd2026e19bb68285fc65607", size = 138898, upload-time = "2026-05-21T16:07:06.857Z" },
]

[[package]]
name = "traffic"
version = "0.1.0"
source = { virtual = "." }
dependencies = [
    { name = "eclipse-sumo" },
    { name = "libsumo" },
    { name = "traci" },
]

[package.dev-dependencies]
dev = [
    { name = "ruff" },
]

[package.metadata]
requires-dist = [
    { name = "eclipse-sumo", specifier = ">=1.27.0" },
    { name = "libsumo", specifier = ">=1.27.0" },
    { name = "traci", specifier = ">=1.27.0" },
]

[package.metadata.requires-dev]
dev = [{ name = "ruff", specifier = ">=0.15.15" }]
